
Microsoft Visual Studio Solution File, Format Version 12.00
# Visual Studio Version 17
VisualStudioVersion = 17.8.34330.188
MinimumVisualStudioVersion = 10.0.40219.1
Project("{FAE04EC0-301F-11D3-BF4B-00C04F79EFBC}") = "ServiceApp", "ServiceApp\ServiceApp.csproj", "{88A29A29-2F4A-4511-A8B9-52E04ED0C428}"
EndProject
Global
	GlobalSection(SolutionConfigurationPlatforms) = preSolution
		Debug|Any CPU = Debug|Any CPU
		Release|Any CPU = Release|Any CPU
	EndGlobalSection
	GlobalSection(ProjectConfigurationPlatforms) = postSolution
		{88A29A29-2F4A-4511-A8B9-52E04ED0C428}.Debug|Any CPU.ActiveCfg = Debug|Any CPU
		{88A29A29-2F4A-4511-A8B9-52E04ED0C428}.Debug|Any CPU.Build.0 = Debug|Any CPU
		{88A29A29-2F4A-4511-A8B9-52E04ED0C428}.Release|Any CPU.ActiveCfg = Release|Any CPU
		{88A29A29-2F4A-4511-A8B9-52E04ED0C428}.Release|Any CPU.Build.0 = Release|Any CPU
	EndGlobalSection
	GlobalSection(SolutionProperties) = preSolution
		HideSolutionNode = FALSE
	EndGlobalSection
	GlobalSection(ExtensibilityGlobals) = postSolution
		SolutionGuid = {04B213F3-9758-46D9-9C1A-3A0353B00710}
	EndGlobalSection
EndGlobal
