
Microsoft Visual Studio Solution File, Format Version 12.00
# Visual Studio Version 17
VisualStudioVersion = 17.8.34330.188
MinimumVisualStudioVersion = 10.0.40219.1
Project("{9A19103F-16F7-4668-BE54-9A1E7A4F7556}") = "ServiceApp", "..\ServiceApp\ServiceApp\ServiceApp.csproj", "{A3DBB5BB-9F03-4B2C-AAA7-3CE2B679529B}"
EndProject
Project("{FAE04EC0-301F-11D3-BF4B-00C04F79EFBC}") = "Keyr", "..\Keyr\Keyr\Keyr.csproj", "{2C0BBBF6-BD87-4140-9592-F8406FA80A63}"
EndProject
Global
	GlobalSection(SolutionConfigurationPlatforms) = preSolution
		Debug|Any CPU = Debug|Any CPU
		Release|Any CPU = Release|Any CPU
	EndGlobalSection
	GlobalSection(ProjectConfigurationPlatforms) = postSolution
		{A3DBB5BB-9F03-4B2C-AAA7-3CE2B679529B}.Debug|Any CPU.ActiveCfg = Debug|Any CPU
		{A3DBB5BB-9F03-4B2C-AAA7-3CE2B679529B}.Debug|Any CPU.Build.0 = Debug|Any CPU
		{A3DBB5BB-9F03-4B2C-AAA7-3CE2B679529B}.Release|Any CPU.ActiveCfg = Release|Any CPU
		{A3DBB5BB-9F03-4B2C-AAA7-3CE2B679529B}.Release|Any CPU.Build.0 = Release|Any CPU
		{2C0BBBF6-BD87-4140-9592-F8406FA80A63}.Debug|Any CPU.ActiveCfg = Debug|Any CPU
		{2C0BBBF6-BD87-4140-9592-F8406FA80A63}.Debug|Any CPU.Build.0 = Debug|Any CPU
		{2C0BBBF6-BD87-4140-9592-F8406FA80A63}.Release|Any CPU.ActiveCfg = Release|Any CPU
		{2C0BBBF6-BD87-4140-9592-F8406FA80A63}.Release|Any CPU.Build.0 = Release|Any CPU
	EndGlobalSection
	GlobalSection(SolutionProperties) = preSolution
		HideSolutionNode = FALSE
	EndGlobalSection
	GlobalSection(ExtensibilityGlobals) = postSolution
		SolutionGuid = {BB23C675-98D0-4BEA-AAF8-1ADC7A84375B}
	EndGlobalSection
EndGlobal
